
Microsoft Visual Studio Solution File, Format Version 12.00
# Visual Studio Version 16
VisualStudioVersion = 16.0.32002.261
MinimumVisualStudioVersion = 10.0.40219.1
Project("{FAE04EC0-301F-11D3-BF4B-00C04F79EFBC}") = "SampleTestForMS", "SampleTestForMS\SampleTestForMS.csproj", "{37941D83-3953-4EC5-9625-B433BAFF7B19}"
EndProject
Global
	GlobalSection(SolutionConfigurationPlatforms) = preSolution
		Debug|Any CPU = Debug|Any CPU
		Release|Any CPU = Release|Any CPU
	EndGlobalSection
	GlobalSection(ProjectConfigurationPlatforms) = postSolution
		{37941D83-3953-4EC5-9625-B433BAFF7B19}.Debug|Any CPU.ActiveCfg = Debug|Any CPU
		{37941D83-3953-4EC5-9625-B433BAFF7B19}.Debug|Any CPU.Build.0 = Debug|Any CPU
		{37941D83-3953-4EC5-9625-B433BAFF7B19}.Release|Any CPU.ActiveCfg = Release|Any CPU
		{37941D83-3953-4EC5-9625-B433BAFF7B19}.Release|Any CPU.Build.0 = Release|Any CPU
	EndGlobalSection
	GlobalSection(SolutionProperties) = preSolution
		HideSolutionNode = FALSE
	EndGlobalSection
	GlobalSection(ExtensibilityGlobals) = postSolution
		SolutionGuid = {0AB7FB1C-40DB-4B70-B628-CA6AB6EECC11}
	EndGlobalSection
EndGlobal
